
Microsoft Visual Studio Solution File, Format Version 12.00
# Visual Studio Version 16
VisualStudioVersion = 16.0.29709.97
MinimumVisualStudioVersion = 10.0.40219.1
Project("{9A19103F-16F7-4668-BE54-9A1E7A4F7556}") = "BankApp", "BankApp\BankApp.csproj", "{74F58F01-0B8A-42F3-A65F-40BBF9F0C6B5}"
EndProject
Global
	GlobalSection(SolutionConfigurationPlatforms) = preSolution
		Debug|Any CPU = Debug|Any CPU
		Release|Any CPU = Release|Any CPU
	EndGlobalSection
	GlobalSection(ProjectConfigurationPlatforms) = postSolution
		{74F58F01-0B8A-42F3-A65F-40BBF9F0C6B5}.Debug|Any CPU.ActiveCfg = Debug|Any CPU
		{74F58F01-0B8A-42F3-A65F-40BBF9F0C6B5}.Debug|Any CPU.Build.0 = Debug|Any CPU
		{74F58F01-0B8A-42F3-A65F-40BBF9F0C6B5}.Release|Any CPU.ActiveCfg = Release|Any CPU
		{74F58F01-0B8A-42F3-A65F-40BBF9F0C6B5}.Release|Any CPU.Build.0 = Release|Any CPU
	EndGlobalSection
	GlobalSection(SolutionProperties) = preSolution
		HideSolutionNode = FALSE
	EndGlobalSection
	GlobalSection(ExtensibilityGlobals) = postSolution
		SolutionGuid = {58241081-AF9D-49EF-B71E-D9C0667A8815}
	EndGlobalSection
EndGlobal
